
Microsoft Visual Studio Solution File, Format Version 12.00
# Visual Studio Version 17
VisualStudioVersion = 17.10.34916.146
MinimumVisualStudioVersion = 10.0.40219.1
Project("{FAE04EC0-301F-11D3-BF4B-00C04F79EFBC}") = "Homework-19.06.2024-Delegates", "Homework-19.06.2024-Delegates\Homework-19.06.2024-Delegates.csproj", "{1C2766E7-12B6-481C-8554-996CBBAB9621}"
EndProject
Global
	GlobalSection(SolutionConfigurationPlatforms) = preSolution
		Debug|Any CPU = Debug|Any CPU
		Release|Any CPU = Release|Any CPU
	EndGlobalSection
	GlobalSection(ProjectConfigurationPlatforms) = postSolution
		{1C2766E7-12B6-481C-8554-996CBBAB9621}.Debug|Any CPU.ActiveCfg = Debug|Any CPU
		{1C2766E7-12B6-481C-8554-996CBBAB9621}.Debug|Any CPU.Build.0 = Debug|Any CPU
		{1C2766E7-12B6-481C-8554-996CBBAB9621}.Release|Any CPU.ActiveCfg = Release|Any CPU
		{1C2766E7-12B6-481C-8554-996CBBAB9621}.Release|Any CPU.Build.0 = Release|Any CPU
	EndGlobalSection
	GlobalSection(SolutionProperties) = preSolution
		HideSolutionNode = FALSE
	EndGlobalSection
	GlobalSection(ExtensibilityGlobals) = postSolution
		SolutionGuid = {6F8D02F3-D383-4948-8AE9-E20FC925B987}
	EndGlobalSection
EndGlobal
